
Microsoft Visual Studio Solution File, Format Version 12.00
# Visual Studio Version 17
VisualStudioVersion = 17.3.32825.248
MinimumVisualStudioVersion = 10.0.40219.1
Project("{FAE04EC0-301F-11D3-BF4B-00C04F79EFBC}") = "lab5", "lab5.csproj", "{F418480B-BDCF-46EE-9FE0-370E348A5336}"
EndProject
Global
	GlobalSection(SolutionConfigurationPlatforms) = preSolution
		Debug|Any CPU = Debug|Any CPU
		Release|Any CPU = Release|Any CPU
	EndGlobalSection
	GlobalSection(ProjectConfigurationPlatforms) = postSolution
		{F418480B-BDCF-46EE-9FE0-370E348A5336}.Debug|Any CPU.ActiveCfg = Debug|Any CPU
		{F418480B-BDCF-46EE-9FE0-370E348A5336}.Debug|Any CPU.Build.0 = Debug|Any CPU
		{F418480B-BDCF-46EE-9FE0-370E348A5336}.Release|Any CPU.ActiveCfg = Release|Any CPU
		{F418480B-BDCF-46EE-9FE0-370E348A5336}.Release|Any CPU.Build.0 = Release|Any CPU
	EndGlobalSection
	GlobalSection(SolutionProperties) = preSolution
		HideSolutionNode = FALSE
	EndGlobalSection
	GlobalSection(ExtensibilityGlobals) = postSolution
		SolutionGuid = {4E7A6113-0E5A-4E64-ACF2-5450A81C5324}
	EndGlobalSection
EndGlobal
